
Microsoft Visual Studio Solution File, Format Version 12.00
# Visual Studio Version 16
VisualStudioVersion = 16.0.30330.147
MinimumVisualStudioVersion = 10.0.40219.1
Project("{FAE04EC0-301F-11D3-BF4B-00C04F79EFBC}") = "CalculatorAssignment", "CalculatorAssignment\CalculatorAssignment.csproj", "{0D0D39BD-E273-41AD-AB75-857AA5A4B727}"
EndProject
Global
	GlobalSection(SolutionConfigurationPlatforms) = preSolution
		Debug|Any CPU = Debug|Any CPU
		Release|Any CPU = Release|Any CPU
	EndGlobalSection
	GlobalSection(ProjectConfigurationPlatforms) = postSolution
		{0D0D39BD-E273-41AD-AB75-857AA5A4B727}.Debug|Any CPU.ActiveCfg = Debug|Any CPU
		{0D0D39BD-E273-41AD-AB75-857AA5A4B727}.Debug|Any CPU.Build.0 = Debug|Any CPU
		{0D0D39BD-E273-41AD-AB75-857AA5A4B727}.Release|Any CPU.ActiveCfg = Release|Any CPU
		{0D0D39BD-E273-41AD-AB75-857AA5A4B727}.Release|Any CPU.Build.0 = Release|Any CPU
	EndGlobalSection
	GlobalSection(SolutionProperties) = preSolution
		HideSolutionNode = FALSE
	EndGlobalSection
	GlobalSection(ExtensibilityGlobals) = postSolution
		SolutionGuid = {B4872FDD-C345-432F-BBFF-AA0835C1F3B1}
	EndGlobalSection
EndGlobal
